DEPENDENCIES
  apt
  apt-sources-list
    path: site-cookbooks/apt-sources-list
  build-essential
  build-tools
    path: site-cookbooks/build-tools
  java
  opengl
    path: site-cookbooks/opengl
  timezone
  xerces-c
    path: site-cookbooks/xerces-c

GRAPH
  apt (2.4.0)
  apt-sources-list (0.1.0)
  build-essential (2.0.4)
  build-tools (0.1.0)
  java (1.24.0)
  opengl (0.1.0)
  timezone (0.0.1)
  xerces-c (0.1.0)
